
Microsoft Visual Studio Solution File, Format Version 12.00
# Visual Studio 14
VisualStudioVersion = 14.0.25420.1
MinimumVisualStudioVersion = 10.0.40219.1
Project("{D954291E-2A0B-460D-934E-DC6B0785DB48}") = "MarsBuddy", "MarsBuddy\MarsBuddy\MarsBuddy.shproj", "{CED7CDB9-E5A9-45AB-8879-2348E593775E}"
EndProject
Project("{FAE04EC0-301F-11D3-BF4B-00C04F79EFBC}") = "MarsBuddy.Droid", "MarsBuddy\MarsBuddy.Droid\MarsBuddy.Droid.csproj", "{FB2ED01E-EF98-473F-925F-DB18F2958998}"
EndProject
Project("{FAE04EC0-301F-11D3-BF4B-00C04F79EFBC}") = "MarsBuddy.iOS", "MarsBuddy\MarsBuddy.iOS\MarsBuddy.iOS.csproj", "{CAFDFD99-950B-4CEB-BFBD-238B5466F37B}"
EndProject
Project("{FAE04EC0-301F-11D3-BF4B-00C04F79EFBC}") = "MarsBuddy.UWP", "MarsBuddy\MarsBuddy.UWP\MarsBuddy.UWP.csproj", "{930F0B27-03B9-4309-84D5-EFDC3ADA9CD6}"
EndProject
Global
	GlobalSection(SharedMSBuildProjectFiles) = preSolution
		MarsBuddy\MarsBuddy\MarsBuddy.projitems*{cafdfd99-950b-4ceb-bfbd-238b5466f37b}*SharedItemsImports = 4
		MarsBuddy\MarsBuddy\MarsBuddy.projitems*{ced7cdb9-e5a9-45ab-8879-2348e593775e}*SharedItemsImports = 13
		MarsBuddy\MarsBuddy\MarsBuddy.projitems*{fb2ed01e-ef98-473f-925f-db18f2958998}*SharedItemsImports = 4
	EndGlobalSection
	GlobalSection(SolutionConfigurationPlatforms) = preSolution
		Ad-Hoc|Any CPU = Ad-Hoc|Any CPU
		Ad-Hoc|ARM = Ad-Hoc|ARM
		Ad-Hoc|iPhone = Ad-Hoc|iPhone
		Ad-Hoc|iPhoneSimulator = Ad-Hoc|iPhoneSimulator
		Ad-Hoc|x64 = Ad-Hoc|x64
		Ad-Hoc|x86 = Ad-Hoc|x86
		AppStore|Any CPU = AppStore|Any CPU
		AppStore|ARM = AppStore|ARM
		AppStore|iPhone = AppStore|iPhone
		AppStore|iPhoneSimulator = AppStore|iPhoneSimulator
		AppStore|x64 = AppStore|x64
		AppStore|x86 = AppStore|x86
		Debug|Any CPU = Debug|Any CPU
		Debug|ARM = Debug|ARM
		Debug|iPhone = Debug|iPhone
		Debug|iPhoneSimulator = Debug|iPhoneSimulator
		Debug|x64 = Debug|x64
		Debug|x86 = Debug|x86
		Release|Any CPU = Release|Any CPU
		Release|ARM = Release|ARM
		Release|iPhone = Release|iPhone
		Release|iPhoneSimulator = Release|iPhoneSimulator
		Release|x64 = Release|x64
		Release|x86 = Release|x86
	EndGlobalSection
	GlobalSection(ProjectConfigurationPlatforms) = postSolution
		{FB2ED01E-EF98-473F-925F-DB18F2958998}.Ad-Hoc|Any CPU.ActiveCfg = Release|Any CPU
		{FB2ED01E-EF98-473F-925F-DB18F2958998}.Ad-Hoc|Any CPU.Build.0 = Release|Any CPU
		{FB2ED01E-EF98-473F-925F-DB18F2958998}.Ad-Hoc|Any CPU.Deploy.0 = Release|Any CPU
		{FB2ED01E-EF98-473F-925F-DB18F2958998}.Ad-Hoc|ARM.ActiveCfg = Release|Any CPU
		{FB2ED01E-EF98-473F-925F-DB18F2958998}.Ad-Hoc|ARM.Build.0 = Release|Any CPU
		{FB2ED01E-EF98-473F-925F-DB18F2958998}.Ad-Hoc|ARM.Deploy.0 = Release|Any CPU
		{FB2ED01E-EF98-473F-925F-DB18F2958998}.Ad-Hoc|iPhone.ActiveCfg = Release|Any CPU
		{FB2ED01E-EF98-473F-925F-DB18F2958998}.Ad-Hoc|iPhone.Build.0 = Release|Any CPU
		{FB2ED01E-EF98-473F-925F-DB18F2958998}.Ad-Hoc|iPhone.Deploy.0 = Release|Any CPU
		{FB2ED01E-EF98-473F-925F-DB18F2958998}.Ad-Hoc|iPhoneSimulator.ActiveCfg = Release|Any CPU
		{FB2ED01E-EF98-473F-925F-DB18F2958998}.Ad-Hoc|iPhoneSimulator.Build.0 = Release|Any CPU
		{FB2ED01E-EF98-473F-925F-DB18F2958998}.Ad-Hoc|iPhoneSimulator.Deploy.0 = Release|Any CPU
		{FB2ED01E-EF98-473F-925F-DB18F2958998}.Ad-Hoc|x64.ActiveCfg = Release|Any CPU
		{FB2ED01E-EF98-473F-925F-DB18F2958998}.Ad-Hoc|x64.Build.0 = Release|Any CPU
		{FB2ED01E-EF98-473F-925F-DB18F2958998}.Ad-Hoc|x64.Deploy.0 = Release|Any CPU
		{FB2ED01E-EF98-473F-925F-DB18F2958998}.Ad-Hoc|x86.ActiveCfg = Release|Any CPU
		{FB2ED01E-EF98-473F-925F-DB18F2958998}.Ad-Hoc|x86.Build.0 = Release|Any CPU
		{FB2ED01E-EF98-473F-925F-DB18F2958998}.Ad-Hoc|x86.Deploy.0 = Release|Any CPU
		{FB2ED01E-EF98-473F-925F-DB18F2958998}.AppStore|Any CPU.ActiveCfg = Release|Any CPU
		{FB2ED01E-EF98-473F-925F-DB18F2958998}.AppStore|Any CPU.Build.0 = Release|Any CPU
		{FB2ED01E-EF98-473F-925F-DB18F2958998}.AppStore|Any CPU.Deploy.0 = Release|Any CPU
		{FB2ED01E-EF98-473F-925F-DB18F2958998}.AppStore|ARM.ActiveCfg = Release|Any CPU
		{FB2ED01E-EF98-473F-925F-DB18F2958998}.AppStore|ARM.Build.0 = Release|Any CPU
		{FB2ED01E-EF98-473F-925F-DB18F2958998}.AppStore|ARM.Deploy.0 = Release|Any CPU
		{FB2ED01E-EF98-473F-925F-DB18F2958998}.AppStore|iPhone.ActiveCfg = Release|Any CPU
		{FB2ED01E-EF98-473F-925F-DB18F2958998}.AppStore|iPhone.Build.0 = Release|Any CPU
		{FB2ED01E-EF98-473F-925F-DB18F2958998}.AppStore|iPhone.Deploy.0 = Release|Any CPU
		{FB2ED01E-EF98-473F-925F-DB18F2958998}.AppStore|iPhoneSimulator.ActiveCfg = Release|Any CPU
		{FB2ED01E-EF98-473F-925F-DB18F2958998}.AppStore|iPhoneSimulator.Build.0 = Release|Any CPU
		{FB2ED01E-EF98-473F-925F-DB18F2958998}.AppStore|iPhoneSimulator.Deploy.0 = Release|Any CPU
		{FB2ED01E-EF98-473F-925F-DB18F2958998}.AppStore|x64.ActiveCfg = Release|Any CPU
		{FB2ED01E-EF98-473F-925F-DB18F2958998}.AppStore|x64.Build.0 = Release|Any CPU
		{FB2ED01E-EF98-473F-925F-DB18F2958998}.AppStore|x64.Deploy.0 = Release|Any CPU
		{FB2ED01E-EF98-473F-925F-DB18F2958998}.AppStore|x86.ActiveCfg = Release|Any CPU
		{FB2ED01E-EF98-473F-925F-DB18F2958998}.AppStore|x86.Build.0 = Release|Any CPU
		{FB2ED01E-EF98-473F-925F-DB18F2958998}.AppStore|x86.Deploy.0 = Release|Any CPU
		{FB2ED01E-EF98-473F-925F-DB18F2958998}.Debug|Any CPU.ActiveCfg = Debug|Any CPU
		{FB2ED01E-EF98-473F-925F-DB18F2958998}.Debug|Any CPU.Build.0 = Debug|Any CPU
		{FB2ED01E-EF98-473F-925F-DB18F2958998}.Debug|Any CPU.Deploy.0 = Debug|Any CPU
		{FB2ED01E-EF98-473F-925F-DB18F2958998}.Debug|ARM.ActiveCfg = Debug|Any CPU
		{FB2ED01E-EF98-473F-925F-DB18F2958998}.Debug|ARM.Build.0 = Debug|Any CPU
		{FB2ED01E-EF98-473F-925F-DB18F2958998}.Debug|ARM.Deploy.0 = Debug|Any CPU
		{FB2ED01E-EF98-473F-925F-DB18F2958998}.Debug|iPhone.ActiveCfg = Debug|Any CPU
		{FB2ED01E-EF98-473F-925F-DB18F2958998}.Debug|iPhone.Build.0 = Debug|Any CPU
		{FB2ED01E-EF98-473F-925F-DB18F2958998}.Debug|iPhone.Deploy.0 = Debug|Any CPU
		{FB2ED01E-EF98-473F-925F-DB18F2958998}.Debug|iPhoneSimulator.ActiveCfg = Debug|Any CPU
		{FB2ED01E-EF98-473F-925F-DB18F2958998}.Debug|iPhoneSimulator.Build.0 = Debug|Any CPU
		{FB2ED01E-EF98-473F-925F-DB18F2958998}.Debug|iPhoneSimulator.Deploy.0 = Debug|Any CPU
		{FB2ED01E-EF98-473F-925F-DB18F2958998}.Debug|x64.ActiveCfg = Debug|Any CPU
		{FB2ED01E-EF98-473F-925F-DB18F2958998}.Debug|x64.Build.0 = Debug|Any CPU
		{FB2ED01E-EF98-473F-925F-DB18F2958998}.Debug|x64.Deploy.0 = Debug|Any CPU
		{FB2ED01E-EF98-473F-925F-DB18F2958998}.Debug|x86.ActiveCfg = Debug|Any CPU
		{FB2ED01E-EF98-473F-925F-DB18F2958998}.Debug|x86.Build.0 = Debug|Any CPU
		{FB2ED01E-EF98-473F-925F-DB18F2958998}.Debug|x86.Deploy.0 = Debug|Any CPU
		{FB2ED01E-EF98-473F-925F-DB18F2958998}.Release|Any CPU.ActiveCfg = Release|Any CPU
		{FB2ED01E-EF98-473F-925F-DB18F2958998}.Release|Any CPU.Build.0 = Release|Any CPU
		{FB2ED01E-EF98-473F-925F-DB18F2958998}.Release|Any CPU.Deploy.0 = Release|Any CPU
		{FB2ED01E-EF98-473F-925F-DB18F2958998}.Release|ARM.ActiveCfg = Release|Any CPU
		{FB2ED01E-EF98-473F-925F-DB18F2958998}.Release|ARM.Build.0 = Release|Any CPU
		{FB2ED01E-EF98-473F-925F-DB18F2958998}.Release|ARM.Deploy.0 = Release|Any CPU
		{FB2ED01E-EF98-473F-925F-DB18F2958998}.Release|iPhone.ActiveCfg = Release|Any CPU
		{FB2ED01E-EF98-473F-925F-DB18F2958998}.Release|iPhone.Build.0 = Release|Any CPU
		{FB2ED01E-EF98-473F-925F-DB18F2958998}.Release|iPhone.Deploy.0 = Release|Any CPU
		{FB2ED01E-EF98-473F-925F-DB18F2958998}.Release|iPhoneSimulator.ActiveCfg = Release|Any CPU
		{FB2ED01E-EF98-473F-925F-DB18F2958998}.Release|iPhoneSimulator.Build.0 = Release|Any CPU
		{FB2ED01E-EF98-473F-925F-DB18F2958998}.Release|iPhoneSimulator.Deploy.0 = Release|Any CPU
		{FB2ED01E-EF98-473F-925F-DB18F2958998}.Release|x64.ActiveCfg = Release|Any CPU
		{FB2ED01E-EF98-473F-925F-DB18F2958998}.Release|x64.Build.0 = Release|Any CPU
		{FB2ED01E-EF98-473F-925F-DB18F2958998}.Release|x64.Deploy.0 = Release|Any CPU
		{FB2ED01E-EF98-473F-925F-DB18F2958998}.Release|x86.ActiveCfg = Release|Any CPU
		{FB2ED01E-EF98-473F-925F-DB18F2958998}.Release|x86.Build.0 = Release|Any CPU
		{FB2ED01E-EF98-473F-925F-DB18F2958998}.Release|x86.Deploy.0 = Release|Any CPU
		{CAFDFD99-950B-4CEB-BFBD-238B5466F37B}.Ad-Hoc|Any CPU.ActiveCfg = Ad-Hoc|iPhone
		{CAFDFD99-950B-4CEB-BFBD-238B5466F37B}.Ad-Hoc|ARM.ActiveCfg = Ad-Hoc|iPhone
		{CAFDFD99-950B-4CEB-BFBD-238B5466F37B}.Ad-Hoc|iPhone.ActiveCfg = Ad-Hoc|iPhone
		{CAFDFD99-950B-4CEB-BFBD-238B5466F37B}.Ad-Hoc|iPhone.Build.0 = Ad-Hoc|iPhone
		{CAFDFD99-950B-4CEB-BFBD-238B5466F37B}.Ad-Hoc|iPhoneSimulator.ActiveCfg = Ad-Hoc|iPhoneSimulator
		{CAFDFD99-950B-4CEB-BFBD-238B5466F37B}.Ad-Hoc|iPhoneSimulator.Build.0 = Ad-Hoc|iPhoneSimulator
		{CAFDFD99-950B-4CEB-BFBD-238B5466F37B}.Ad-Hoc|x64.ActiveCfg = Ad-Hoc|iPhone
		{CAFDFD99-950B-4CEB-BFBD-238B5466F37B}.Ad-Hoc|x86.ActiveCfg = Ad-Hoc|iPhone
		{CAFDFD99-950B-4CEB-BFBD-238B5466F37B}.AppStore|Any CPU.ActiveCfg = AppStore|iPhone
		{CAFDFD99-950B-4CEB-BFBD-238B5466F37B}.AppStore|ARM.ActiveCfg = AppStore|iPhone
		{CAFDFD99-950B-4CEB-BFBD-238B5466F37B}.AppStore|iPhone.ActiveCfg = AppStore|iPhone
		{CAFDFD99-950B-4CEB-BFBD-238B5466F37B}.AppStore|iPhone.Build.0 = AppStore|iPhone
		{CAFDFD99-950B-4CEB-BFBD-238B5466F37B}.AppStore|iPhoneSimulator.ActiveCfg = AppStore|iPhoneSimulator
		{CAFDFD99-950B-4CEB-BFBD-238B5466F37B}.AppStore|iPhoneSimulator.Build.0 = AppStore|iPhoneSimulator
		{CAFDFD99-950B-4CEB-BFBD-238B5466F37B}.AppStore|x64.ActiveCfg = AppStore|iPhone
		{CAFDFD99-950B-4CEB-BFBD-238B5466F37B}.AppStore|x86.ActiveCfg = AppStore|iPhone
		{CAFDFD99-950B-4CEB-BFBD-238B5466F37B}.Debug|Any CPU.ActiveCfg = Debug|iPhone
		{CAFDFD99-950B-4CEB-BFBD-238B5466F37B}.Debug|ARM.ActiveCfg = Debug|iPhone
		{CAFDFD99-950B-4CEB-BFBD-238B5466F37B}.Debug|iPhone.ActiveCfg = Debug|iPhone
		{CAFDFD99-950B-4CEB-BFBD-238B5466F37B}.Debug|iPhone.Build.0 = Debug|iPhone
		{CAFDFD99-950B-4CEB-BFBD-238B5466F37B}.Debug|iPhoneSimulator.ActiveCfg = Debug|iPhoneSimulator
		{CAFDFD99-950B-4CEB-BFBD-238B5466F37B}.Debug|iPhoneSimulator.Build.0 = Debug|iPhoneSimulator
		{CAFDFD99-950B-4CEB-BFBD-238B5466F37B}.Debug|x64.ActiveCfg = Debug|iPhone
		{CAFDFD99-950B-4CEB-BFBD-238B5466F37B}.Debug|x86.ActiveCfg = Debug|iPhone
		{CAFDFD99-950B-4CEB-BFBD-238B5466F37B}.Release|Any CPU.ActiveCfg = Release|iPhone
		{CAFDFD99-950B-4CEB-BFBD-238B5466F37B}.Release|ARM.ActiveCfg = Release|iPhone
		{CAFDFD99-950B-4CEB-BFBD-238B5466F37B}.Release|iPhone.ActiveCfg = Release|iPhone
		{CAFDFD99-950B-4CEB-BFBD-238B5466F37B}.Release|iPhone.Build.0 = Release|iPhone
		{CAFDFD99-950B-4CEB-BFBD-238B5466F37B}.Release|iPhoneSimulator.ActiveCfg = Release|iPhoneSimulator
		{CAFDFD99-950B-4CEB-BFBD-238B5466F37B}.Release|iPhoneSimulator.Build.0 = Release|iPhoneSimulator
		{CAFDFD99-950B-4CEB-BFBD-238B5466F37B}.Release|x64.ActiveCfg = Release|iPhone
		{CAFDFD99-950B-4CEB-BFBD-238B5466F37B}.Release|x86.ActiveCfg = Release|iPhone
		{930F0B27-03B9-4309-84D5-EFDC3ADA9CD6}.Ad-Hoc|Any CPU.ActiveCfg = Release|x86
		{930F0B27-03B9-4309-84D5-EFDC3ADA9CD6}.Ad-Hoc|Any CPU.Build.0 = Release|x86
		{930F0B27-03B9-4309-84D5-EFDC3ADA9CD6}.Ad-Hoc|Any CPU.Deploy.0 = Release|x86
		{930F0B27-03B9-4309-84D5-EFDC3ADA9CD6}.Ad-Hoc|ARM.ActiveCfg = Release|ARM
		{930F0B27-03B9-4309-84D5-EFDC3ADA9CD6}.Ad-Hoc|ARM.Build.0 = Release|ARM
		{930F0B27-03B9-4309-84D5-EFDC3ADA9CD6}.Ad-Hoc|ARM.Deploy.0 = Release|ARM
		{930F0B27-03B9-4309-84D5-EFDC3ADA9CD6}.Ad-Hoc|iPhone.ActiveCfg = Release|x86
		{930F0B27-03B9-4309-84D5-EFDC3ADA9CD6}.Ad-Hoc|iPhone.Build.0 = Release|x86
		{930F0B27-03B9-4309-84D5-EFDC3ADA9CD6}.Ad-Hoc|iPhone.Deploy.0 = Release|x86
		{930F0B27-03B9-4309-84D5-EFDC3ADA9CD6}.Ad-Hoc|iPhoneSimulator.ActiveCfg = Release|x86
		{930F0B27-03B9-4309-84D5-EFDC3ADA9CD6}.Ad-Hoc|iPhoneSimulator.Build.0 = Release|x86
		{930F0B27-03B9-4309-84D5-EFDC3ADA9CD6}.Ad-Hoc|iPhoneSimulator.Deploy.0 = Release|x86
		{930F0B27-03B9-4309-84D5-EFDC3ADA9CD6}.Ad-Hoc|x64.ActiveCfg = Release|x64
		{930F0B27-03B9-4309-84D5-EFDC3ADA9CD6}.Ad-Hoc|x64.Build.0 = Release|x64
		{930F0B27-03B9-4309-84D5-EFDC3ADA9CD6}.Ad-Hoc|x64.Deploy.0 = Release|x64
		{930F0B27-03B9-4309-84D5-EFDC3ADA9CD6}.Ad-Hoc|x86.ActiveCfg = Release|x86
		{930F0B27-03B9-4309-84D5-EFDC3ADA9CD6}.Ad-Hoc|x86.Build.0 = Release|x86
		{930F0B27-03B9-4309-84D5-EFDC3ADA9CD6}.Ad-Hoc|x86.Deploy.0 = Release|x86
		{930F0B27-03B9-4309-84D5-EFDC3ADA9CD6}.AppStore|Any CPU.ActiveCfg = Release|x86
		{930F0B27-03B9-4309-84D5-EFDC3ADA9CD6}.AppStore|Any CPU.Build.0 = Release|x86
		{930F0B27-03B9-4309-84D5-EFDC3ADA9CD6}.AppStore|Any CPU.Deploy.0 = Release|x86
		{930F0B27-03B9-4309-84D5-EFDC3ADA9CD6}.AppStore|ARM.ActiveCfg = Release|ARM
		{930F0B27-03B9-4309-84D5-EFDC3ADA9CD6}.AppStore|ARM.Build.0 = Release|ARM
		{930F0B27-03B9-4309-84D5-EFDC3ADA9CD6}.AppStore|ARM.Deploy.0 = Release|ARM
		{930F0B27-03B9-4309-84D5-EFDC3ADA9CD6}.AppStore|iPhone.ActiveCfg = Release|x86
		{930F0B27-03B9-4309-84D5-EFDC3ADA9CD6}.AppStore|iPhone.Build.0 = Release|x86
		{930F0B27-03B9-4309-84D5-EFDC3ADA9CD6}.AppStore|iPhone.Deploy.0 = Release|x86
		{930F0B27-03B9-4309-84D5-EFDC3ADA9CD6}.AppStore|iPhoneSimulator.ActiveCfg = Release|x86
		{930F0B27-03B9-4309-84D5-EFDC3ADA9CD6}.AppStore|iPhoneSimulator.Build.0 = Release|x86
		{930F0B27-03B9-4309-84D5-EFDC3ADA9CD6}.AppStore|iPhoneSimulator.Deploy.0 = Release|x86
		{930F0B27-03B9-4309-84D5-EFDC3ADA9CD6}.AppStore|x64.ActiveCfg = Release|x64
		{930F0B27-03B9-4309-84D5-EFDC3ADA9CD6}.AppStore|x64.Build.0 = Release|x64
		{930F0B27-03B9-4309-84D5-EFDC3ADA9CD6}.AppStore|x64.Deploy.0 = Release|x64
		{930F0B27-03B9-4309-84D5-EFDC3ADA9CD6}.AppStore|x86.ActiveCfg = Release|x86
		{930F0B27-03B9-4309-84D5-EFDC3ADA9CD6}.AppStore|x86.Build.0 = Release|x86
		{930F0B27-03B9-4309-84D5-EFDC3ADA9CD6}.AppStore|x86.Deploy.0 = Release|x86
		{930F0B27-03B9-4309-84D5-EFDC3ADA9CD6}.Debug|Any CPU.ActiveCfg = Debug|x86
		{930F0B27-03B9-4309-84D5-EFDC3ADA9CD6}.Debug|ARM.ActiveCfg = Debug|ARM
		{930F0B27-03B9-4309-84D5-EFDC3ADA9CD6}.Debug|ARM.Build.0 = Debug|ARM
		{930F0B27-03B9-4309-84D5-EFDC3ADA9CD6}.Debug|ARM.Deploy.0 = Debug|ARM
		{930F0B27-03B9-4309-84D5-EFDC3ADA9CD6}.Debug|iPhone.ActiveCfg = Debug|x86
		{930F0B27-03B9-4309-84D5-EFDC3ADA9CD6}.Debug|iPhoneSimulator.ActiveCfg = Debug|x86
		{930F0B27-03B9-4309-84D5-EFDC3ADA9CD6}.Debug|x64.ActiveCfg = Debug|x64
		{930F0B27-03B9-4309-84D5-EFDC3ADA9CD6}.Debug|x64.Build.0 = Debug|x64
		{930F0B27-03B9-4309-84D5-EFDC3ADA9CD6}.Debug|x64.Deploy.0 = Debug|x64
		{930F0B27-03B9-4309-84D5-EFDC3ADA9CD6}.Debug|x86.ActiveCfg = Debug|x86
		{930F0B27-03B9-4309-84D5-EFDC3ADA9CD6}.Debug|x86.Build.0 = Debug|x86
		{930F0B27-03B9-4309-84D5-EFDC3ADA9CD6}.Debug|x86.Deploy.0 = Debug|x86
		{930F0B27-03B9-4309-84D5-EFDC3ADA9CD6}.Release|Any CPU.ActiveCfg = Release|x86
		{930F0B27-03B9-4309-84D5-EFDC3ADA9CD6}.Release|ARM.ActiveCfg = Release|ARM
		{930F0B27-03B9-4309-84D5-EFDC3ADA9CD6}.Release|ARM.Build.0 = Release|ARM
		{930F0B27-03B9-4309-84D5-EFDC3ADA9CD6}.Release|ARM.Deploy.0 = Release|ARM
		{930F0B27-03B9-4309-84D5-EFDC3ADA9CD6}.Release|iPhone.ActiveCfg = Release|x86
		{930F0B27-03B9-4309-84D5-EFDC3ADA9CD6}.Release|iPhoneSimulator.ActiveCfg = Release|x86
		{930F0B27-03B9-4309-84D5-EFDC3ADA9CD6}.Release|x64.ActiveCfg = Release|x64
		{930F0B27-03B9-4309-84D5-EFDC3ADA9CD6}.Release|x64.Build.0 = Release|x64
		{930F0B27-03B9-4309-84D5-EFDC3ADA9CD6}.Release|x64.Deploy.0 = Release|x64
		{930F0B27-03B9-4309-84D5-EFDC3ADA9CD6}.Release|x86.ActiveCfg = Release|x86
		{930F0B27-03B9-4309-84D5-EFDC3ADA9CD6}.Release|x86.Build.0 = Release|x86
		{930F0B27-03B9-4309-84D5-EFDC3ADA9CD6}.Release|x86.Deploy.0 = Release|x86
	EndGlobalSection
	GlobalSection(SolutionProperties) = preSolution
		HideSolutionNode = FALSE
	EndGlobalSection
EndGlobal
